# This file is automatically @generated by Cargo.
# It is not intended for manual editing.
version = 4

[[package]]
name = "chartreuse"
version = "0.1.0"

[[package]]
name = "chartreuse-config"
version = "0.1.0"

[[package]]
name = "chartreuse-core"
version = "0.1.0"

[[package]]
name = "chartreuse-editor"
version = "0.1.0"

[[package]]
name = "chartreuse-imaging"
version = "0.1.0"

[[package]]
name = "chartreuse-overlay"
version = "0.1.0"

[[package]]
name = "chartreuse-platform"
version = "0.1.0"

[[package]]
name = "xtask"
version = "0.1.0"
